
Microsoft Visual Studio Solution File, Format Version 12.00
# Visual Studio Version 17
VisualStudioVersion = 17.11.35208.52
MinimumVisualStudioVersion = 10.0.40219.1
Project("{8BC9CEB8-8B4A-11D0-8D11-00A0C91BC942}") = "RenderToLearn", "RenderToLearn\RenderToLearn.vcxproj", "{471C8B27-E037-453B-B18D-0C4C50CFFBBA}"
EndProject
Global
	GlobalSection(SolutionConfigurationPlatforms) = preSolution
		Debug|x64 = Debug|x64
		Debug|x86 = Debug|x86
		Release|x64 = Release|x64
		Release|x86 = Release|x86
	EndGlobalSection
	GlobalSection(ProjectConfigurationPlatforms) = postSolution
		{471C8B27-E037-453B-B18D-0C4C50CFFBBA}.Debug|x64.ActiveCfg = Debug|x64
		{471C8B27-E037-453B-B18D-0C4C50CFFBBA}.Debug|x64.Build.0 = Debug|x64
		{471C8B27-E037-453B-B18D-0C4C50CFFBBA}.Debug|x86.ActiveCfg = Debug|Win32
		{471C8B27-E037-453B-B18D-0C4C50CFFBBA}.Debug|x86.Build.0 = Debug|Win32
		{471C8B27-E037-453B-B18D-0C4C50CFFBBA}.Release|x64.ActiveCfg = Release|x64
		{471C8B27-E037-453B-B18D-0C4C50CFFBBA}.Release|x64.Build.0 = Release|x64
		{471C8B27-E037-453B-B18D-0C4C50CFFBBA}.Release|x86.ActiveCfg = Release|Win32
		{471C8B27-E037-453B-B18D-0C4C50CFFBBA}.Release|x86.Build.0 = Release|Win32
	EndGlobalSection
	GlobalSection(SolutionProperties) = preSolution
		HideSolutionNode = FALSE
	EndGlobalSection
	GlobalSection(ExtensibilityGlobals) = postSolution
		SolutionGuid = {465F4E2B-0890-4F12-88E6-CF8E099C1AAA}
	EndGlobalSection
EndGlobal
